{
  "nodes": {
    "driftwm": {
      "flake": false,
      "locked": {
        "lastModified": 1790010713,
        "narHash": "sha256-6tcKQSa7yJrCvS1Tv4oEtbyLwQSeedbLRosWyUTkbro=",
        "owner": "malbiruk",
        "repo": "driftwm",
        "rev": "352333a8fa1b22171492d4b71a54102045c9a19d",
        "type": "github"
      },
      "original": {
        "owner": "malbiruk",
        "repo": "driftwm",
        "rev": "352333a8fa1b22171492d4b71a54102045c9a19d",
        "type": "github"
      }
    },
    "nixpkgs": {
      "locked": {
        "lastModified": 1788179007,
        "narHash": "sha256-hn1oU2rue2SYK8dAr8+WNZWtbsz1S2W5mnHlSEuh3bo=",
        "owner": "NixOS",
        "repo": "nixpkgs",
        "rev": "34ab99075ac4f7e40cf037eef32cb1c360bb85e9",
        "type": "github"
      },
      "original": {
        "owner": "NixOS",
        "ref": "nixos-unstable",
        "repo": "nixpkgs",
        "type": "github"
      }
    },
    "root": {
      "inputs": {
        "nixpkgs": "nixpkgs",
        "runixpkgs": "runixpkgs"
      }
    },
    "runixpkgs": {
      "inputs": {
        "driftwm": "driftwm",
        "nixpkgs": [
          "nixpkgs"
        ],
        "shojiwm": "shojiwm",
        "zwwm": "zwwm"
      },
      "locked": {
        "lastModified": 1790615406,
        "narHash": "sha256-hFnd1Bllu2l99armqS71YRb+OZv7ByUycQu/NvyWCW8=",
        "owner": "runix-community",
        "repo": "runixpkgs",
        "rev": "42fdb691d3abcf4e3f653f31be5be9303763314a",
        "type": "github"
      },
      "original": {
        "owner": "runix-community",
        "repo": "runixpkgs",
        "type": "github"
      }
    },
    "shojiwm": {
      "flake": false,
      "locked": {
        "lastModified": 1790414601,
        "narHash": "sha256-ZCfDAjeGTtBXcjPkShGxlR3pknCodQbYbc3RpWIbqa8=",
        "owner": "bea4dev",
        "repo": "ShojiWM",
        "rev": "3fef0c862caab18332947f5e4ede83ff446312a7",
        "type": "github"
      },
      "original": {
        "owner": "bea4dev",
        "repo": "ShojiWM",
        "rev": "3fef0c862caab18332947f5e4ede83ff446312a7",
        "type": "github"
      }
    },
    "zwwm": {
      "flake": false,
      "locked": {
        "lastModified": 1790540194,
        "narHash": "sha256-l0ZSfqAoH8RVjBi5rUpU58c9Teh3D2pK0YRfZTFVEtU=",
        "owner": "binarylinuxx",
        "repo": "zwwm",
        "rev": "3f50507155fabe7701c651eec31db499d694cdff",
        "type": "github"
      },
      "original": {
        "owner": "binarylinuxx",
        "repo": "zwwm",
        "rev": "3f50507155fabe7701c651eec31db499d694cdff",
        "type": "github"
      }
    }
  },
  "root": "root",
  "version": 7
}
